
Microsoft Visual Studio Solution File, Format Version 12.00
# Visual Studio Version 16
VisualStudioVersion = 16.0.30907.101
MinimumVisualStudioVersion = 10.0.40219.1
Project("{FAE04EC0-301F-11D3-BF4B-00C04F79EFBC}") = "EntityTest", "EntityTest.csproj", "{A7DFF67C-4C18-401A-B00C-4AF2821F2645}"
EndProject
Project("{FAE04EC0-301F-11D3-BF4B-00C04F79EFBC}") = "EF.Domain", "..\EF.Domain\EF.Domain.csproj", "{4AEF950E-F385-49B4-8865-94688A71FF9D}"
EndProject
Project("{FAE04EC0-301F-11D3-BF4B-00C04F79EFBC}") = "Entity.Data", "..\Entity.Data\Entity.Data.csproj", "{9FA91A7D-98D2-4269-896A-D4C7C213EFDD}"
EndProject
Global
	GlobalSection(SolutionConfigurationPlatforms) = preSolution
		Debug|Any CPU = Debug|Any CPU
		Release|Any CPU = Release|Any CPU
	EndGlobalSection
	GlobalSection(ProjectConfigurationPlatforms) = postSolution
		{A7DFF67C-4C18-401A-B00C-4AF2821F2645}.Debug|Any CPU.ActiveCfg = Debug|Any CPU
		{A7DFF67C-4C18-401A-B00C-4AF2821F2645}.Debug|Any CPU.Build.0 = Debug|Any CPU
		{A7DFF67C-4C18-401A-B00C-4AF2821F2645}.Release|Any CPU.ActiveCfg = Release|Any CPU
		{A7DFF67C-4C18-401A-B00C-4AF2821F2645}.Release|Any CPU.Build.0 = Release|Any CPU
		{4AEF950E-F385-49B4-8865-94688A71FF9D}.Debug|Any CPU.ActiveCfg = Debug|Any CPU
		{4AEF950E-F385-49B4-8865-94688A71FF9D}.Debug|Any CPU.Build.0 = Debug|Any CPU
		{4AEF950E-F385-49B4-8865-94688A71FF9D}.Release|Any CPU.ActiveCfg = Release|Any CPU
		{4AEF950E-F385-49B4-8865-94688A71FF9D}.Release|Any CPU.Build.0 = Release|Any CPU
		{9FA91A7D-98D2-4269-896A-D4C7C213EFDD}.Debug|Any CPU.ActiveCfg = Debug|Any CPU
		{9FA91A7D-98D2-4269-896A-D4C7C213EFDD}.Debug|Any CPU.Build.0 = Debug|Any CPU
		{9FA91A7D-98D2-4269-896A-D4C7C213EFDD}.Release|Any CPU.ActiveCfg = Release|Any CPU
		{9FA91A7D-98D2-4269-896A-D4C7C213EFDD}.Release|Any CPU.Build.0 = Release|Any CPU
	EndGlobalSection
	GlobalSection(SolutionProperties) = preSolution
		HideSolutionNode = FALSE
	EndGlobalSection
	GlobalSection(ExtensibilityGlobals) = postSolution
		SolutionGuid = {E3C7D88D-EC05-4084-8F92-EDCADA4F8E1D}
	EndGlobalSection
EndGlobal
